{
  "originHash" : "675d5c5f8f0b0edbe54a0edbaf9c6259aa261ed366d54a8387e4386eedf22c67",
  "pins" : [
    {
      "identity" : "swift-argument-parser",
      "kind" : "remoteSourceControl",
      "location" : "https://github.com/apple/swift-argument-parser",
      "state" : {
        "revision" : "309a47b2b1d9b5e991f36961c983ecec72275be3",
        "version" : "1.6.1"
      }
    },
    {
      "identity" : "swift-collections",
      "kind" : "remoteSourceControl",
      "location" : "https://github.com/imben123/swift-collections",
      "state" : {
        "branch" : "feature/ordered-dictionary-codable-strategy",
        "revision" : "1badd66f5421b8422b96bbfbd0a8012f95e5a6f8"
      }
    },
    {
      "identity" : "swifttoolbox",
      "kind" : "remoteSourceControl",
      "location" : "https://github.com/imben123/SwiftToolbox",
      "state" : {
        "branch" : "main",
        "revision" : "3a206bab71f32e0e7965979d88882df108efa10d"
      }
    },
    {
      "identity" : "yams",
      "kind" : "remoteSourceControl",
      "location" : "https://github.com/imben123/Yams",
      "state" : {
        "branch" : "main",
        "revision" : "8f76aa16d8a8f22930c33ba53572037d2d414d64"
      }
    }
  ],
  "version" : 3
}
