{
  "originHash" : "ddf241fe1ac144fe854f3433c80dfbc508c655761581139eb7cbdb3b2852710a",
  "pins" : [
    {
      "identity" : "swift-argument-parser",
      "kind" : "remoteSourceControl",
      "location" : "https://github.com/apple/swift-argument-parser",
      "state" : {
        "revision" : "309a47b2b1d9b5e991f36961c983ecec72275be3",
        "version" : "1.6.1"
      }
    },
    {
      "identity" : "swift-collections",
      "kind" : "remoteSourceControl",
      "location" : "https://github.com/imben123/swift-collections",
      "state" : {
        "branch" : "feature/ordered-dictionary-codable-strategy",
        "revision" : "1badd66f5421b8422b96bbfbd0a8012f95e5a6f8"
      }
    },
    {
      "identity" : "swifttoolbox",
      "kind" : "remoteSourceControl",
      "location" : "https://github.com/imben123/SwiftToolbox",
      "state" : {
        "branch" : "main",
        "revision" : "aea5d7f51075d29bfa08fc69724bab38c246a694"
      }
    },
    {
      "identity" : "yams",
      "kind" : "remoteSourceControl",
      "location" : "https://github.com/imben123/Yams",
      "state" : {
        "branch" : "main",
        "revision" : "8f76aa16d8a8f22930c33ba53572037d2d414d64"
      }
    }
  ],
  "version" : 3
}
