// !$*UTF8*$!
{
	archiveVersion = 1;
	classes = {
	};
	objectVersion = 77;
	objects = {

/* Begin PBXBuildFile section */
		B5E97EB62E38B50D00411121 /* SwiftOpenAPI in Frameworks */ = {isa = PBXBuildFile; productRef = B5E97EB52E38B50D00411121 /* SwiftOpenAPI */; };
		B5E97EB82E38B51200411121 /* OpenAPIViewer in Frameworks */ = {isa = PBXBuildFile; productRef = B5E97EB72E38B51200411121 /* OpenAPIViewer */; };
		B5E97F3D2E39277400411121 /* AppToolbox in Frameworks */ = {isa = PBXBuildFile; productRef = B5E97F3C2E39277400411121 /* AppToolbox */; };
/* End PBXBuildFile section */

/* Begin PBXContainerItemProxy section */
		B5D6717A2E37B38200168357 /* PBXContainerItemProxy */ = {
			isa = PBXContainerItemProxy;
			containerPortal = B5D671642E37B38000168357 /* Project object */;
			proxyType = 1;
			remoteGlobalIDString = B5D6716B2E37B38000168357;
			remoteInfo = APIExplorer;
		};
		B5D671842E37B38200168357 /* PBXContainerItemProxy */ = {
			isa = PBXContainerItemProxy;
			containerPortal = B5D671642E37B38000168357 /* Project object */;
			proxyType = 1;
			remoteGlobalIDString = B5D6716B2E37B38000168357;
			remoteInfo = APIExplorer;
		};
/* End PBXContainerItemProxy section */

/* Begin PBXFileReference section */
		B5D6716C2E37B38000168357 /* APIExplorer.app */ = {isa = PBXFileReference; explicitFileType = wrapper.application; includeInIndex = 0; path = APIExplorer.app; sourceTree = BUILT_PRODUCTS_DIR; };
		B5D671792E37B38100168357 /* APIExplorerTests.xctest */ = {isa = PBXFileReference; explicitFileType = wrapper.cfbundle; includeInIndex = 0; path = APIExplorerTests.xctest; sourceTree = BUILT_PRODUCTS_DIR; };
		B5D671832E37B38200168357 /* APIExplorerUITests.xctest */ = {isa = PBXFileReference; explicitFileType = wrapper.cfbundle; includeInIndex = 0; path = APIExplorerUITests.xctest; sourceTree = BUILT_PRODUCTS_DIR; };
		B5D671962E37B3F600168357 /* CLAUDE.md */ = {isa = PBXFileReference; lastKnownFileType = net.daringfireball.markdown; path = CLAUDE.md; sourceTree = "<group>"; };
		B5E97E9F2E37D0E000411121 /* OpenAPIViewer */ = {isa = PBXFileReference; lastKnownFileType = wrapper; path = OpenAPIViewer; sourceTree = "<group>"; };
		B5E97EA02E37D0E000411121 /* SwiftOpenAPI */ = {isa = PBXFileReference; lastKnownFileType = wrapper; path = SwiftOpenAPI; sourceTree = "<group>"; };
		B5E97EB32E37D2AB00411121 /* SwiftToolbox */ = {isa = PBXFileReference; lastKnownFileType = wrapper; name = SwiftToolbox; path = ../SwiftToolbox; sourceTree = SOURCE_ROOT; };
		B5E97EB92E38CB6400411121 /* APIExplorer.xctestplan */ = {isa = PBXFileReference; lastKnownFileType = text; path = APIExplorer.xctestplan; sourceTree = "<group>"; };
		B5E97F3B2E39276E00411121 /* AppToolbox */ = {isa = PBXFileReference; lastKnownFileType = wrapper; name = AppToolbox; path = ../AppToolbox; sourceTree = SOURCE_ROOT; };
/* End PBXFileReference section */

/* Begin PBXFileSystemSynchronizedRootGroup section */
		B5D6716E2E37B38000168357 /* APIExplorer */ = {
			isa = PBXFileSystemSynchronizedRootGroup;
			path = APIExplorer;
			sourceTree = "<group>";
		};
		B5D6717C2E37B38200168357 /* APIExplorerTests */ = {
			isa = PBXFileSystemSynchronizedRootGroup;
			path = APIExplorerTests;
			sourceTree = "<group>";
		};
		B5D671862E37B38200168357 /* APIExplorerUITests */ = {
			isa = PBXFileSystemSynchronizedRootGroup;
			path = APIExplorerUITests;
			sourceTree = "<group>";
		};
		B5E97E692E37C9AE00411121 /* Packages */ = {
			isa = PBXFileSystemSynchronizedRootGroup;
			path = Packages;
			sourceTree = "<group>";
		};
		B5E97E7F2E37D02200411121 /* Fixtures */ = {
			isa = PBXFileSystemSynchronizedRootGroup;
			path = Fixtures;
			sourceTree = "<group>";
		};
/* End PBXFileSystemSynchronizedRootGroup section */

/* Begin PBXFrameworksBuildPhase section */
		B5D671692E37B38000168357 /* Frameworks */ = {
			isa = PBXFrameworksBuildPhase;
			buildActionMask = 2147483647;
			files = (
				B5E97EB62E38B50D00411121 /* SwiftOpenAPI in Frameworks */,
				B5E97F3D2E39277400411121 /* AppToolbox in Frameworks */,
				B5E97EB82E38B51200411121 /* OpenAPIViewer in Frameworks */,
			);
			runOnlyForDeploymentPostprocessing = 0;
		};
		B5D671762E37B38100168357 /* Frameworks */ = {
			isa = PBXFrameworksBuildPhase;
			buildActionMask = 2147483647;
			files = (
			);
			runOnlyForDeploymentPostprocessing = 0;
		};
		B5D671802E37B38200168357 /* Frameworks */ = {
			isa = PBXFrameworksBuildPhase;
			buildActionMask = 2147483647;
			files = (
			);
			runOnlyForDeploymentPostprocessing = 0;
		};
/* End PBXFrameworksBuildPhase section */

/* Begin PBXGroup section */
		B5D671632E37B38000168357 = {
			isa = PBXGroup;
			children = (
				B5E97EB92E38CB6400411121 /* APIExplorer.xctestplan */,
				B5D671962E37B3F600168357 /* CLAUDE.md */,
				B5D6716E2E37B38000168357 /* APIExplorer */,
				B5E97E7F2E37D02200411121 /* Fixtures */,
				B5E97E692E37C9AE00411121 /* Packages */,
				B5D6717C2E37B38200168357 /* APIExplorerTests */,
				B5D671862E37B38200168357 /* APIExplorerUITests */,
				B5D6716D2E37B38000168357 /* Products */,
				B5E97E9F2E37D0E000411121 /* OpenAPIViewer */,
				B5E97EA02E37D0E000411121 /* SwiftOpenAPI */,
				B5E97F3B2E39276E00411121 /* AppToolbox */,
				B5E97EB32E37D2AB00411121 /* SwiftToolbox */,
				B5E97EB42E38B50D00411121 /* Frameworks */,
			);
			sourceTree = "<group>";
		};
		B5D6716D2E37B38000168357 /* Products */ = {
			isa = PBXGroup;
			children = (
				B5D6716C2E37B38000168357 /* APIExplorer.app */,
				B5D671792E37B38100168357 /* APIExplorerTests.xctest */,
				B5D671832E37B38200168357 /* APIExplorerUITests.xctest */,
			);
			name = Products;
			sourceTree = "<group>";
		};
		B5E97EB42E38B50D00411121 /* Frameworks */ = {
			isa = PBXGroup;
			children = (
			);
			name = Frameworks;
			sourceTree = "<group>";
		};
/* End PBXGroup section */

/* Begin PBXNativeTarget section */
		B5D6716B2E37B38000168357 /* APIExplorer */ = {
			isa = PBXNativeTarget;
			buildConfigurationList = B5D6718D2E37B38200168357 /* Build configuration list for PBXNativeTarget "APIExplorer" */;
			buildPhases = (
				B5D671682E37B38000168357 /* Sources */,
				B5D671692E37B38000168357 /* Frameworks */,
				B5D6716A2E37B38000168357 /* Resources */,
			);
			buildRules = (
			);
			dependencies = (
			);
			fileSystemSynchronizedGroups = (
				B5D6716E2E37B38000168357 /* APIExplorer */,
			);
			name = APIExplorer;
			packageProductDependencies = (
				B5E97EB52E38B50D00411121 /* SwiftOpenAPI */,
				B5E97EB72E38B51200411121 /* OpenAPIViewer */,
				B5E97F3C2E39277400411121 /* AppToolbox */,
			);
			productName = APIExplorer;
			productReference = B5D6716C2E37B38000168357 /* APIExplorer.app */;
			productType = "com.apple.product-type.application";
		};
		B5D671782E37B38100168357 /* APIExplorerTests */ = {
			isa = PBXNativeTarget;
			buildConfigurationList = B5D671902E37B38200168357 /* Build configuration list for PBXNativeTarget "APIExplorerTests" */;
			buildPhases = (
				B5D671752E37B38100168357 /* Sources */,
				B5D671762E37B38100168357 /* Frameworks */,
				B5D671772E37B38100168357 /* Resources */,
			);
			buildRules = (
			);
			dependencies = (
				B5D6717B2E37B38200168357 /* PBXTargetDependency */,
			);
			fileSystemSynchronizedGroups = (
				B5D6717C2E37B38200168357 /* APIExplorerTests */,
			);
			name = APIExplorerTests;
			packageProductDependencies = (
			);
			productName = APIExplorerTests;
			productReference = B5D671792E37B38100168357 /* APIExplorerTests.xctest */;
			productType = "com.apple.product-type.bundle.unit-test";
		};
		B5D671822E37B38200168357 /* APIExplorerUITests */ = {
			isa = PBXNativeTarget;
			buildConfigurationList = B5D671932E37B38200168357 /* Build configuration list for PBXNativeTarget "APIExplorerUITests" */;
			buildPhases = (
				B5D6717F2E37B38200168357 /* Sources */,
				B5D671802E37B38200168357 /* Frameworks */,
				B5D671812E37B38200168357 /* Resources */,
			);
			buildRules = (
			);
			dependencies = (
				B5D671852E37B38200168357 /* PBXTargetDependency */,
			);
			fileSystemSynchronizedGroups = (
				B5D671862E37B38200168357 /* APIExplorerUITests */,
			);
			name = APIExplorerUITests;
			packageProductDependencies = (
			);
			productName = APIExplorerUITests;
			productReference = B5D671832E37B38200168357 /* APIExplorerUITests.xctest */;
			productType = "com.apple.product-type.bundle.ui-testing";
		};
/* End PBXNativeTarget section */

/* Begin PBXProject section */
		B5D671642E37B38000168357 /* Project object */ = {
			isa = PBXProject;
			attributes = {
				BuildIndependentTargetsInParallel = 1;
				LastSwiftUpdateCheck = 2600;
				LastUpgradeCheck = 2600;
				TargetAttributes = {
					B5D6716B2E37B38000168357 = {
						CreatedOnToolsVersion = 26.0;
					};
					B5D671782E37B38100168357 = {
						CreatedOnToolsVersion = 26.0;
						TestTargetID = B5D6716B2E37B38000168357;
					};
					B5D671822E37B38200168357 = {
						CreatedOnToolsVersion = 26.0;
						TestTargetID = B5D6716B2E37B38000168357;
					};
				};
			};
			buildConfigurationList = B5D671672E37B38000168357 /* Build configuration list for PBXProject "APIExplorer" */;
			developmentRegion = en;
			hasScannedForEncodings = 0;
			knownRegions = (
				en,
				Base,
			);
			mainGroup = B5D671632E37B38000168357;
			minimizedProjectReferenceProxies = 1;
			preferredProjectObjectVersion = 77;
			productRefGroup = B5D6716D2E37B38000168357 /* Products */;
			projectDirPath = "";
			projectRoot = "";
			targets = (
				B5D6716B2E37B38000168357 /* APIExplorer */,
				B5D671782E37B38100168357 /* APIExplorerTests */,
				B5D671822E37B38200168357 /* APIExplorerUITests */,
			);
		};
/* End PBXProject section */

/* Begin PBXResourcesBuildPhase section */
		B5D6716A2E37B38000168357 /* Resources */ = {
			isa = PBXResourcesBuildPhase;
			buildActionMask = 2147483647;
			files = (
			);
			runOnlyForDeploymentPostprocessing = 0;
		};
		B5D671772E37B38100168357 /* Resources */ = {
			isa = PBXResourcesBuildPhase;
			buildActionMask = 2147483647;
			files = (
			);
			runOnlyForDeploymentPostprocessing = 0;
		};
		B5D671812E37B38200168357 /* Resources */ = {
			isa = PBXResourcesBuildPhase;
			buildActionMask = 2147483647;
			files = (
			);
			runOnlyForDeploymentPostprocessing = 0;
		};
/* End PBXResourcesBuildPhase section */

/* Begin PBXSourcesBuildPhase section */
		B5D671682E37B38000168357 /* Sources */ = {
			isa = PBXSourcesBuildPhase;
			buildActionMask = 2147483647;
			files = (
			);
			runOnlyForDeploymentPostprocessing = 0;
		};
		B5D671752E37B38100168357 /* Sources */ = {
			isa = PBXSourcesBuildPhase;
			buildActionMask = 2147483647;
			files = (
			);
			runOnlyForDeploymentPostprocessing = 0;
		};
		B5D6717F2E37B38200168357 /* Sources */ = {
			isa = PBXSourcesBuildPhase;
			buildActionMask = 2147483647;
			files = (
			);
			runOnlyForDeploymentPostprocessing = 0;
		};
/* End PBXSourcesBuildPhase section */

/* Begin PBXTargetDependency section */
		B5D6717B2E37B38200168357 /* PBXTargetDependency */ = {
			isa = PBXTargetDependency;
			target = B5D6716B2E37B38000168357 /* APIExplorer */;
			targetProxy = B5D6717A2E37B38200168357 /* PBXContainerItemProxy */;
		};
		B5D671852E37B38200168357 /* PBXTargetDependency */ = {
			isa = PBXTargetDependency;
			target = B5D6716B2E37B38000168357 /* APIExplorer */;
			targetProxy = B5D671842E37B38200168357 /* PBXContainerItemProxy */;
		};
/* End PBXTargetDependency section */

/* Begin XCBuildConfiguration section */
		B5D6718B2E37B38200168357 /* Debug */ = {
			isa = XCBuildConfiguration;
			buildSettings = {
				ALWAYS_SEARCH_USER_PATHS = NO;
				ASSETCATALOG_COMPILER_GENERATE_SWIFT_ASSET_SYMBOL_EXTENSIONS = YES;
				CLANG_ANALYZER_NONNULL = YES;
				CLANG_ANALYZER_NUMBER_OBJECT_CONVERSION = YES_AGGRESSIVE;
				CLANG_CXX_LANGUAGE_STANDARD = "gnu++20";
				CLANG_ENABLE_MODULES = YES;
				CLANG_ENABLE_OBJC_ARC = YES;
				CLANG_ENABLE_OBJC_WEAK = YES;
				CLANG_WARN_BLOCK_CAPTURE_AUTORELEASING = YES;
				CLANG_WARN_BOOL_CONVERSION = YES;
				CLANG_WARN_COMMA = YES;
				CLANG_WARN_CONSTANT_CONVERSION = YES;
				CLANG_WARN_DEPRECATED_OBJC_IMPLEMENTATIONS = YES;
				CLANG_WARN_DIRECT_OBJC_ISA_USAGE = YES_ERROR;
				CLANG_WARN_DOCUMENTATION_COMMENTS = YES;
				CLANG_WARN_EMPTY_BODY = YES;
				CLANG_WARN_ENUM_CONVERSION = YES;
				CLANG_WARN_INFINITE_RECURSION = YES;
				CLANG_WARN_INT_CONVERSION = YES;
				CLANG_WARN_NON_LITERAL_NULL_CONVERSION = YES;
				CLANG_WARN_OBJC_IMPLICIT_RETAIN_SELF = YES;
				CLANG_WARN_OBJC_LITERAL_CONVERSION = YES;
				CLANG_WARN_OBJC_ROOT_CLASS = YES_ERROR;
				CLANG_WARN_QUOTED_INCLUDE_IN_FRAMEWORK_HEADER = YES;
				CLANG_WARN_RANGE_LOOP_ANALYSIS = YES;
				CLANG_WARN_STRICT_PROTOTYPES = YES;
				CLANG_WARN_SUSPICIOUS_MOVE = YES;
				CLANG_WARN_UNGUARDED_AVAILABILITY = YES_AGGRESSIVE;
				CLANG_WARN_UNREACHABLE_CODE = YES;
				CLANG_WARN__DUPLICATE_METHOD_MATCH = YES;
				COPY_PHASE_STRIP = NO;
				DEBUG_INFORMATION_FORMAT = dwarf;
				DEVELOPMENT_TEAM = 5XMV2GP24E;
				ENABLE_STRICT_OBJC_MSGSEND = YES;
				ENABLE_TESTABILITY = YES;
				ENABLE_USER_SCRIPT_SANDBOXING = YES;
				GCC_C_LANGUAGE_STANDARD = gnu17;
				GCC_DYNAMIC_NO_PIC = NO;
				GCC_NO_COMMON_BLOCKS = YES;
				GCC_OPTIMIZATION_LEVEL = 0;
				GCC_PREPROCESSOR_DEFINITIONS = (
					"DEBUG=1",
					"$(inherited)",
				);
				GCC_WARN_64_TO_32_BIT_CONVERSION = YES;
				GCC_WARN_ABOUT_RETURN_TYPE = YES_ERROR;
				GCC_WARN_UNDECLARED_SELECTOR = YES;
				GCC_WARN_UNINITIALIZED_AUTOS = YES_AGGRESSIVE;
				GCC_WARN_UNUSED_FUNCTION = YES;
				GCC_WARN_UNUSED_VARIABLE = YES;
				LOCALIZATION_PREFERS_STRING_CATALOGS = YES;
				MACOSX_DEPLOYMENT_TARGET = 26.0;
				MTL_ENABLE_DEBUG_INFO = INCLUDE_SOURCE;
				MTL_FAST_MATH = YES;
				ONLY_ACTIVE_ARCH = YES;
				SDKROOT = macosx;
				SWIFT_ACTIVE_COMPILATION_CONDITIONS = "DEBUG $(inherited)";
				SWIFT_OPTIMIZATION_LEVEL = "-Onone";
			};
			name = Debug;
		};
		B5D6718C2E37B38200168357 /* Release */ = {
			isa = XCBuildConfiguration;
			buildSettings = {
				ALWAYS_SEARCH_USER_PATHS = NO;
				ASSETCATALOG_COMPILER_GENERATE_SWIFT_ASSET_SYMBOL_EXTENSIONS = YES;
				CLANG_ANALYZER_NONNULL = YES;
				CLANG_ANALYZER_NUMBER_OBJECT_CONVERSION = YES_AGGRESSIVE;
				CLANG_CXX_LANGUAGE_STANDARD = "gnu++20";
				CLANG_ENABLE_MODULES = YES;
				CLANG_ENABLE_OBJC_ARC = YES;
				CLANG_ENABLE_OBJC_WEAK = YES;
				CLANG_WARN_BLOCK_CAPTURE_AUTORELEASING = YES;
				CLANG_WARN_BOOL_CONVERSION = YES;
				CLANG_WARN_COMMA = YES;
				CLANG_WARN_CONSTANT_CONVERSION = YES;
				CLANG_WARN_DEPRECATED_OBJC_IMPLEMENTATIONS = YES;
				CLANG_WARN_DIRECT_OBJC_ISA_USAGE = YES_ERROR;
				CLANG_WARN_DOCUMENTATION_COMMENTS = YES;
				CLANG_WARN_EMPTY_BODY = YES;
				CLANG_WARN_ENUM_CONVERSION = YES;
				CLANG_WARN_INFINITE_RECURSION = YES;
				CLANG_WARN_INT_CONVERSION = YES;
				CLANG_WARN_NON_LITERAL_NULL_CONVERSION = YES;
				CLANG_WARN_OBJC_IMPLICIT_RETAIN_SELF = YES;
				CLANG_WARN_OBJC_LITERAL_CONVERSION = YES;
				CLANG_WARN_OBJC_ROOT_CLASS = YES_ERROR;
				CLANG_WARN_QUOTED_INCLUDE_IN_FRAMEWORK_HEADER = YES;
				CLANG_WARN_RANGE_LOOP_ANALYSIS = YES;
				CLANG_WARN_STRICT_PROTOTYPES = YES;
				CLANG_WARN_SUSPICIOUS_MOVE = YES;
				CLANG_WARN_UNGUARDED_AVAILABILITY = YES_AGGRESSIVE;
				CLANG_WARN_UNREACHABLE_CODE = YES;
				CLANG_WARN__DUPLICATE_METHOD_MATCH = YES;
				COPY_PHASE_STRIP = NO;
				DEBUG_INFORMATION_FORMAT = "dwarf-with-dsym";
				DEVELOPMENT_TEAM = 5XMV2GP24E;
				ENABLE_NS_ASSERTIONS = NO;
				ENABLE_STRICT_OBJC_MSGSEND = YES;
				ENABLE_USER_SCRIPT_SANDBOXING = YES;
				GCC_C_LANGUAGE_STANDARD = gnu17;
				GCC_NO_COMMON_BLOCKS = YES;
				GCC_WARN_64_TO_32_BIT_CONVERSION = YES;
				GCC_WARN_ABOUT_RETURN_TYPE = YES_ERROR;
				GCC_WARN_UNDECLARED_SELECTOR = YES;
				GCC_WARN_UNINITIALIZED_AUTOS = YES_AGGRESSIVE;
				GCC_WARN_UNUSED_FUNCTION = YES;
				GCC_WARN_UNUSED_VARIABLE = YES;
				LOCALIZATION_PREFERS_STRING_CATALOGS = YES;
				MACOSX_DEPLOYMENT_TARGET = 26.0;
				MTL_ENABLE_DEBUG_INFO = NO;
				MTL_FAST_MATH = YES;
				SDKROOT = macosx;
				SWIFT_COMPILATION_MODE = wholemodule;
			};
			name = Release;
		};
		B5D6718E2E37B38200168357 /* Debug */ = {
			isa = XCBuildConfiguration;
			buildSettings = {
				ASSETCATALOG_COMPILER_APPICON_NAME = AppIcon;
				ASSETCATALOG_COMPILER_GLOBAL_ACCENT_COLOR_NAME = AccentColor;
				CODE_SIGN_STYLE = Automatic;
				COMBINE_HIDPI_IMAGES = YES;
				CURRENT_PROJECT_VERSION = 1;
				DEVELOPMENT_TEAM = 5XMV2GP24E;
				ENABLE_APP_SANDBOX = YES;
				ENABLE_HARDENED_RUNTIME = YES;
				ENABLE_INCOMING_NETWORK_CONNECTIONS = NO;
				ENABLE_OUTGOING_NETWORK_CONNECTIONS = NO;
				ENABLE_PREVIEWS = YES;
				ENABLE_RESOURCE_ACCESS_AUDIO_INPUT = NO;
				ENABLE_RESOURCE_ACCESS_BLUETOOTH = NO;
				ENABLE_RESOURCE_ACCESS_CALENDARS = NO;
				ENABLE_RESOURCE_ACCESS_CAMERA = NO;
				ENABLE_RESOURCE_ACCESS_CONTACTS = NO;
				ENABLE_RESOURCE_ACCESS_LOCATION = NO;
				ENABLE_RESOURCE_ACCESS_PRINTING = NO;
				ENABLE_RESOURCE_ACCESS_USB = NO;
				ENABLE_USER_SELECTED_FILES = readwrite;
				GENERATE_INFOPLIST_FILE = YES;
				INFOPLIST_KEY_NSHumanReadableCopyright = "";
				LD_RUNPATH_SEARCH_PATHS = (
					"$(inherited)",
					"@executable_path/../Frameworks",
				);
				MARKETING_VERSION = 1.0;
				PRODUCT_BUNDLE_IDENTIFIER = uk.co.bendavisapps.APIExplorer;
				PRODUCT_NAME = "$(TARGET_NAME)";
				REGISTER_APP_GROUPS = YES;
				STRING_CATALOG_GENERATE_SYMBOLS = YES;
				SWIFT_APPROACHABLE_CONCURRENCY = YES;
				SWIFT_DEFAULT_ACTOR_ISOLATION = MainActor;
				SWIFT_EMIT_LOC_STRINGS = YES;
				SWIFT_STRICT_CONCURRENCY = complete;
				SWIFT_UPCOMING_FEATURE_MEMBER_IMPORT_VISIBILITY = YES;
				SWIFT_VERSION = 6.0;
			};
			name = Debug;
		};
		B5D6718F2E37B38200168357 /* Release */ = {
			isa = XCBuildConfiguration;
			buildSettings = {
				ASSETCATALOG_COMPILER_APPICON_NAME = AppIcon;
				ASSETCATALOG_COMPILER_GLOBAL_ACCENT_COLOR_NAME = AccentColor;
				CODE_SIGN_STYLE = Automatic;
				COMBINE_HIDPI_IMAGES = YES;
				CURRENT_PROJECT_VERSION = 1;
				DEVELOPMENT_TEAM = 5XMV2GP24E;
				ENABLE_APP_SANDBOX = YES;
				ENABLE_HARDENED_RUNTIME = YES;
				ENABLE_INCOMING_NETWORK_CONNECTIONS = NO;
				ENABLE_OUTGOING_NETWORK_CONNECTIONS = NO;
				ENABLE_PREVIEWS = YES;
				ENABLE_RESOURCE_ACCESS_AUDIO_INPUT = NO;
				ENABLE_RESOURCE_ACCESS_BLUETOOTH = NO;
				ENABLE_RESOURCE_ACCESS_CALENDARS = NO;
				ENABLE_RESOURCE_ACCESS_CAMERA = NO;
				ENABLE_RESOURCE_ACCESS_CONTACTS = NO;
				ENABLE_RESOURCE_ACCESS_LOCATION = NO;
				ENABLE_RESOURCE_ACCESS_PRINTING = NO;
				ENABLE_RESOURCE_ACCESS_USB = NO;
				ENABLE_USER_SELECTED_FILES = readwrite;
				GENERATE_INFOPLIST_FILE = YES;
				INFOPLIST_KEY_NSHumanReadableCopyright = "";
				LD_RUNPATH_SEARCH_PATHS = (
					"$(inherited)",
					"@executable_path/../Frameworks",
				);
				MARKETING_VERSION = 1.0;
				PRODUCT_BUNDLE_IDENTIFIER = uk.co.bendavisapps.APIExplorer;
				PRODUCT_NAME = "$(TARGET_NAME)";
				REGISTER_APP_GROUPS = YES;
				STRING_CATALOG_GENERATE_SYMBOLS = YES;
				SWIFT_APPROACHABLE_CONCURRENCY = YES;
				SWIFT_DEFAULT_ACTOR_ISOLATION = MainActor;
				SWIFT_EMIT_LOC_STRINGS = YES;
				SWIFT_STRICT_CONCURRENCY = complete;
				SWIFT_UPCOMING_FEATURE_MEMBER_IMPORT_VISIBILITY = YES;
				SWIFT_VERSION = 6.0;
			};
			name = Release;
		};
		B5D671912E37B38200168357 /* Debug */ = {
			isa = XCBuildConfiguration;
			buildSettings = {
				BUNDLE_LOADER = "$(TEST_HOST)";
				CODE_SIGN_STYLE = Automatic;
				CURRENT_PROJECT_VERSION = 1;
				DEVELOPMENT_TEAM = 5XMV2GP24E;
				GENERATE_INFOPLIST_FILE = YES;
				MACOSX_DEPLOYMENT_TARGET = 26.0;
				MARKETING_VERSION = 1.0;
				PRODUCT_BUNDLE_IDENTIFIER = uk.co.bendavisapps.APIExplorerTests;
				PRODUCT_NAME = "$(TARGET_NAME)";
				STRING_CATALOG_GENERATE_SYMBOLS = NO;
				SWIFT_APPROACHABLE_CONCURRENCY = YES;
				SWIFT_EMIT_LOC_STRINGS = NO;
				SWIFT_UPCOMING_FEATURE_MEMBER_IMPORT_VISIBILITY = YES;
				SWIFT_VERSION = 5.0;
				TEST_HOST = "$(BUILT_PRODUCTS_DIR)/APIExplorer.app/$(BUNDLE_EXECUTABLE_FOLDER_PATH)/APIExplorer";
			};
			name = Debug;
		};
		B5D671922E37B38200168357 /* Release */ = {
			isa = XCBuildConfiguration;
			buildSettings = {
				BUNDLE_LOADER = "$(TEST_HOST)";
				CODE_SIGN_STYLE = Automatic;
				CURRENT_PROJECT_VERSION = 1;
				DEVELOPMENT_TEAM = 5XMV2GP24E;
				GENERATE_INFOPLIST_FILE = YES;
				MACOSX_DEPLOYMENT_TARGET = 26.0;
				MARKETING_VERSION = 1.0;
				PRODUCT_BUNDLE_IDENTIFIER = uk.co.bendavisapps.APIExplorerTests;
				PRODUCT_NAME = "$(TARGET_NAME)";
				STRING_CATALOG_GENERATE_SYMBOLS = NO;
				SWIFT_APPROACHABLE_CONCURRENCY = YES;
				SWIFT_EMIT_LOC_STRINGS = NO;
				SWIFT_UPCOMING_FEATURE_MEMBER_IMPORT_VISIBILITY = YES;
				SWIFT_VERSION = 5.0;
				TEST_HOST = "$(BUILT_PRODUCTS_DIR)/APIExplorer.app/$(BUNDLE_EXECUTABLE_FOLDER_PATH)/APIExplorer";
			};
			name = Release;
		};
		B5D671942E37B38200168357 /* Debug */ = {
			isa = XCBuildConfiguration;
			buildSettings = {
				CODE_SIGN_STYLE = Automatic;
				CURRENT_PROJECT_VERSION = 1;
				DEVELOPMENT_TEAM = 5XMV2GP24E;
				GENERATE_INFOPLIST_FILE = YES;
				MARKETING_VERSION = 1.0;
				PRODUCT_BUNDLE_IDENTIFIER = uk.co.bendavisapps.APIExplorerUITests;
				PRODUCT_NAME = "$(TARGET_NAME)";
				STRING_CATALOG_GENERATE_SYMBOLS = NO;
				SWIFT_APPROACHABLE_CONCURRENCY = YES;
				SWIFT_EMIT_LOC_STRINGS = NO;
				SWIFT_UPCOMING_FEATURE_MEMBER_IMPORT_VISIBILITY = YES;
				SWIFT_VERSION = 5.0;
				TEST_TARGET_NAME = APIExplorer;
			};
			name = Debug;
		};
		B5D671952E37B38200168357 /* Release */ = {
			isa = XCBuildConfiguration;
			buildSettings = {
				CODE_SIGN_STYLE = Automatic;
				CURRENT_PROJECT_VERSION = 1;
				DEVELOPMENT_TEAM = 5XMV2GP24E;
				GENERATE_INFOPLIST_FILE = YES;
				MARKETING_VERSION = 1.0;
				PRODUCT_BUNDLE_IDENTIFIER = uk.co.bendavisapps.APIExplorerUITests;
				PRODUCT_NAME = "$(TARGET_NAME)";
				STRING_CATALOG_GENERATE_SYMBOLS = NO;
				SWIFT_APPROACHABLE_CONCURRENCY = YES;
				SWIFT_EMIT_LOC_STRINGS = NO;
				SWIFT_UPCOMING_FEATURE_MEMBER_IMPORT_VISIBILITY = YES;
				SWIFT_VERSION = 5.0;
				TEST_TARGET_NAME = APIExplorer;
			};
			name = Release;
		};
/* End XCBuildConfiguration section */

/* Begin XCConfigurationList section */
		B5D671672E37B38000168357 /* Build configuration list for PBXProject "APIExplorer" */ = {
			isa = XCConfigurationList;
			buildConfigurations = (
				B5D6718B2E37B38200168357 /* Debug */,
				B5D6718C2E37B38200168357 /* Release */,
			);
			defaultConfigurationIsVisible = 0;
			defaultConfigurationName = Release;
		};
		B5D6718D2E37B38200168357 /* Build configuration list for PBXNativeTarget "APIExplorer" */ = {
			isa = XCConfigurationList;
			buildConfigurations = (
				B5D6718E2E37B38200168357 /* Debug */,
				B5D6718F2E37B38200168357 /* Release */,
			);
			defaultConfigurationIsVisible = 0;
			defaultConfigurationName = Release;
		};
		B5D671902E37B38200168357 /* Build configuration list for PBXNativeTarget "APIExplorerTests" */ = {
			isa = XCConfigurationList;
			buildConfigurations = (
				B5D671912E37B38200168357 /* Debug */,
				B5D671922E37B38200168357 /* Release */,
			);
			defaultConfigurationIsVisible = 0;
			defaultConfigurationName = Release;
		};
		B5D671932E37B38200168357 /* Build configuration list for PBXNativeTarget "APIExplorerUITests" */ = {
			isa = XCConfigurationList;
			buildConfigurations = (
				B5D671942E37B38200168357 /* Debug */,
				B5D671952E37B38200168357 /* Release */,
			);
			defaultConfigurationIsVisible = 0;
			defaultConfigurationName = Release;
		};
/* End XCConfigurationList section */

/* Begin XCSwiftPackageProductDependency section */
		B5E97EB52E38B50D00411121 /* SwiftOpenAPI */ = {
			isa = XCSwiftPackageProductDependency;
			productName = SwiftOpenAPI;
		};
		B5E97EB72E38B51200411121 /* OpenAPIViewer */ = {
			isa = XCSwiftPackageProductDependency;
			productName = OpenAPIViewer;
		};
		B5E97F3C2E39277400411121 /* AppToolbox */ = {
			isa = XCSwiftPackageProductDependency;
			productName = AppToolbox;
		};
/* End XCSwiftPackageProductDependency section */
	};
	rootObject = B5D671642E37B38000168357 /* Project object */;
}
